packages:
  - package: elementary-data/elementary
    version: 0.15.2
  - git: https://{{env_var('DBT_DQM_PACKAGE_USER')}}:{{env_var('DBT_DQM_PACKAGE_PAT')}}@github.com/sangam-zs/dbt-test-repo.git
    revision: 1aea05a66ad97270d1244f4699e4a2165ea07aa3
  - package: dbt-labs/dbt_utils
    version: 1.1.1
sha1_hash: 1cbea828bab3a1425366a91579ce7f32c8852ce2
